
Microsoft Visual Studio Solution File, Format Version 12.00
# Visual Studio Version 17
VisualStudioVersion = 17.3.32929.385
MinimumVisualStudioVersion = 10.0.40219.1
Project("{2150E333-8FDC-42A3-9474-1A3956D46DE8}") = "AuthMicroservice", "AuthMicroservice", "{C4A30DEB-ED6D-4761-ACFD-4DA3FC5E31E9}"
EndProject
Project("{2150E333-8FDC-42A3-9474-1A3956D46DE8}") = "BasketMicroService", "BasketMicroService", "{10CF82CE-5C35-460D-AF60-D0A8CD4992CD}"
EndProject
Project("{2150E333-8FDC-42A3-9474-1A3956D46DE8}") = "DiscountMicroservice", "DiscountMicroservice", "{2561D320-113B-4D2B-A70E-43FA012330A7}"
EndProject
Project("{2150E333-8FDC-42A3-9474-1A3956D46DE8}") = "OrderMicroService", "OrderMicroService", "{741FBBB8-4EEF-4D7B-945B-3EC669CEAC0A}"
EndProject
Project("{2150E333-8FDC-42A3-9474-1A3956D46DE8}") = "PaymentMicroService", "PaymentMicroService", "{ECEECD62-200C-4DF9-A1EF-138FC8B9627A}"
EndProject
Project("{2150E333-8FDC-42A3-9474-1A3956D46DE8}") = "ProductsMicroService", "ProductsMicroService", "{1A646BC1-0190-4C21-A70F-C6F112D886DA}"
EndProject
Project("{2150E333-8FDC-42A3-9474-1A3956D46DE8}") = "Presentation", "Presentation", "{086C78D9-5BEE-4D4A-87D0-2AC8AC7657EA}"
EndProject
Project("{9A19103F-16F7-4668-BE54-9A1E7A4F7556}") = "BasketMicroService", "BasketMicroService\BasketMicroService\BasketMicroService.csproj", "{16E98988-0834-4F06-B6A6-0AA0D265E13E}"
EndProject
Project("{9A19103F-16F7-4668-BE54-9A1E7A4F7556}") = "DiscountMicroservice", "DiscountMicroService\DiscountMicroService\DiscountMicroservice.csproj", "{27D7EC9C-06E3-4671-ABC5-62AD3B497D7B}"
EndProject
Project("{9A19103F-16F7-4668-BE54-9A1E7A4F7556}") = "PaymentMicroService", "PaymentMicroService\PaymentMicroService\PaymentMicroService.csproj", "{5B04AD31-3FDC-49F2-A011-5D0765E7C859}"
EndProject
Project("{9A19103F-16F7-4668-BE54-9A1E7A4F7556}") = "OrderMicroService", "OrderMicroService\OrderMicroService\OrderMicroService.csproj", "{DE901204-5EC9-4628-860B-9F969FBD417C}"
EndProject
Project("{9A19103F-16F7-4668-BE54-9A1E7A4F7556}") = "ProductsMicroService", "ProductsMicroService\ProductsMicroService\ProductsMicroService.csproj", "{4CFA9E5C-E844-4E53-A87E-928440BAFEBE}"
EndProject
Project("{9A19103F-16F7-4668-BE54-9A1E7A4F7556}") = "AuthMicroservice", "AuthMicroService\AuthMicroService\AuthMicroservice.csproj", "{74053A0B-90C8-4985-9A11-77E80A777822}"
EndProject
Project("{2150E333-8FDC-42A3-9474-1A3956D46DE8}") = "Presentation", "Presentation", "{ABD462AD-A1A5-469D-9097-E326AFE0798A}"
EndProject
Project("{2150E333-8FDC-42A3-9474-1A3956D46DE8}") = "Infrastructure", "Infrastructure", "{3CB67C48-006E-42B3-AE0F-378AFD33B426}"
EndProject
Project("{2150E333-8FDC-42A3-9474-1A3956D46DE8}") = "Core", "Core", "{731E12DE-AE0B-4369-AEDD-C7D75CC62DC5}"
EndProject
Project("{2150E333-8FDC-42A3-9474-1A3956D46DE8}") = "Common", "Common", "{F39A6543-633A-4E18-959E-A13FC20313B5}"
EndProject
Project("{9A19103F-16F7-4668-BE54-9A1E7A4F7556}") = "ProductsMicroService.Application", "ProductsMicroService\ProductsMicroService.Application\ProductsMicroService.Application.csproj", "{A31279B5-C437-4387-B793-17D899335BF0}"
EndProject
Project("{9A19103F-16F7-4668-BE54-9A1E7A4F7556}") = "ProductsMicroService.Domain", "ProductsMicroService\ProductsMicroService.Domain\ProductsMicroService.Domain.csproj", "{54DA1A6B-4E7C-4D18-B794-290A1CCAA69A}"
EndProject
Project("{9A19103F-16F7-4668-BE54-9A1E7A4F7556}") = "ProductsMicroService.Persistence", "ProductsMicroService\ProductsMicroService.Persistence\ProductsMicroService.Persistence.csproj", "{4C64B378-EC1B-426B-AF46-97A844AB2665}"
EndProject
Project("{2150E333-8FDC-42A3-9474-1A3956D46DE8}") = "Infrastructure", "Infrastructure", "{AB1E8591-9261-4B0C-BE7F-976942F25F9E}"
EndProject
Project("{2150E333-8FDC-42A3-9474-1A3956D46DE8}") = "Core", "Core", "{295E59AE-08C9-4B61-A728-EEEF60D83C9F}"
EndProject
Project("{9A19103F-16F7-4668-BE54-9A1E7A4F7556}") = "AuthMicroService.Application", "AuthMicroService\AuthMicroService.Application\AuthMicroService.Application.csproj", "{B66B70D5-A2F3-462D-B80F-9452494CE832}"
EndProject
Project("{9A19103F-16F7-4668-BE54-9A1E7A4F7556}") = "AuthMicroService.Domain", "AuthMicroService\AuthMicroService.Domain\AuthMicroService.Domain.csproj", "{ACF5CEFD-18E7-44FC-A70E-CBCDDDF1FE22}"
EndProject
Project("{9A19103F-16F7-4668-BE54-9A1E7A4F7556}") = "AuthMicroService.Persistence", "AuthMicroService\AuthMicroService.Persistence\AuthMicroService.Persistence.csproj", "{46AACB26-98A1-4B5C-956D-6F71D697712F}"
EndProject
Project("{2150E333-8FDC-42A3-9474-1A3956D46DE8}") = "Common", "Common", "{B43A730F-1C30-4D5B-BB8C-D580585977BC}"
EndProject
Project("{9A19103F-16F7-4668-BE54-9A1E7A4F7556}") = "AuthMicroService.Common", "AuthMicroService\AuthMicroService.Common\AuthMicroService.Common.csproj", "{BC094426-E605-4CA9-AF60-A5DE24E1896E}"
EndProject
Project("{9A19103F-16F7-4668-BE54-9A1E7A4F7556}") = "AuthMicroService.Enums", "AuthMicroService\AuthMicroService.Enums\AuthMicroService.Enums.csproj", "{9BA2F23D-A5F0-4D7B-B6EB-046BFFDC0915}"
EndProject
Global
	GlobalSection(SolutionConfigurationPlatforms) = preSolution
		Debug|Any CPU = Debug|Any CPU
		Release|Any CPU = Release|Any CPU
	EndGlobalSection
	GlobalSection(ProjectConfigurationPlatforms) = postSolution
		{16E98988-0834-4F06-B6A6-0AA0D265E13E}.Debug|Any CPU.ActiveCfg = Debug|Any CPU
		{16E98988-0834-4F06-B6A6-0AA0D265E13E}.Debug|Any CPU.Build.0 = Debug|Any CPU
		{16E98988-0834-4F06-B6A6-0AA0D265E13E}.Release|Any CPU.ActiveCfg = Release|Any CPU
		{16E98988-0834-4F06-B6A6-0AA0D265E13E}.Release|Any CPU.Build.0 = Release|Any CPU
		{27D7EC9C-06E3-4671-ABC5-62AD3B497D7B}.Debug|Any CPU.ActiveCfg = Debug|Any CPU
		{27D7EC9C-06E3-4671-ABC5-62AD3B497D7B}.Debug|Any CPU.Build.0 = Debug|Any CPU
		{27D7EC9C-06E3-4671-ABC5-62AD3B497D7B}.Release|Any CPU.ActiveCfg = Release|Any CPU
		{27D7EC9C-06E3-4671-ABC5-62AD3B497D7B}.Release|Any CPU.Build.0 = Release|Any CPU
		{5B04AD31-3FDC-49F2-A011-5D0765E7C859}.Debug|Any CPU.ActiveCfg = Debug|Any CPU
		{5B04AD31-3FDC-49F2-A011-5D0765E7C859}.Debug|Any CPU.Build.0 = Debug|Any CPU
		{5B04AD31-3FDC-49F2-A011-5D0765E7C859}.Release|Any CPU.ActiveCfg = Release|Any CPU
		{5B04AD31-3FDC-49F2-A011-5D0765E7C859}.Release|Any CPU.Build.0 = Release|Any CPU
		{DE901204-5EC9-4628-860B-9F969FBD417C}.Debug|Any CPU.ActiveCfg = Debug|Any CPU
		{DE901204-5EC9-4628-860B-9F969FBD417C}.Debug|Any CPU.Build.0 = Debug|Any CPU
		{DE901204-5EC9-4628-860B-9F969FBD417C}.Release|Any CPU.ActiveCfg = Release|Any CPU
		{DE901204-5EC9-4628-860B-9F969FBD417C}.Release|Any CPU.Build.0 = Release|Any CPU
		{4CFA9E5C-E844-4E53-A87E-928440BAFEBE}.Debug|Any CPU.ActiveCfg = Debug|Any CPU
		{4CFA9E5C-E844-4E53-A87E-928440BAFEBE}.Debug|Any CPU.Build.0 = Debug|Any CPU
		{4CFA9E5C-E844-4E53-A87E-928440BAFEBE}.Release|Any CPU.ActiveCfg = Release|Any CPU
		{4CFA9E5C-E844-4E53-A87E-928440BAFEBE}.Release|Any CPU.Build.0 = Release|Any CPU
		{74053A0B-90C8-4985-9A11-77E80A777822}.Debug|Any CPU.ActiveCfg = Debug|Any CPU
		{74053A0B-90C8-4985-9A11-77E80A777822}.Debug|Any CPU.Build.0 = Debug|Any CPU
		{74053A0B-90C8-4985-9A11-77E80A777822}.Release|Any CPU.ActiveCfg = Release|Any CPU
		{74053A0B-90C8-4985-9A11-77E80A777822}.Release|Any CPU.Build.0 = Release|Any CPU
		{A31279B5-C437-4387-B793-17D899335BF0}.Debug|Any CPU.ActiveCfg = Debug|Any CPU
		{A31279B5-C437-4387-B793-17D899335BF0}.Debug|Any CPU.Build.0 = Debug|Any CPU
		{A31279B5-C437-4387-B793-17D899335BF0}.Release|Any CPU.ActiveCfg = Release|Any CPU
		{A31279B5-C437-4387-B793-17D899335BF0}.Release|Any CPU.Build.0 = Release|Any CPU
		{54DA1A6B-4E7C-4D18-B794-290A1CCAA69A}.Debug|Any CPU.ActiveCfg = Debug|Any CPU
		{54DA1A6B-4E7C-4D18-B794-290A1CCAA69A}.Debug|Any CPU.Build.0 = Debug|Any CPU
		{54DA1A6B-4E7C-4D18-B794-290A1CCAA69A}.Release|Any CPU.ActiveCfg = Release|Any CPU
		{54DA1A6B-4E7C-4D18-B794-290A1CCAA69A}.Release|Any CPU.Build.0 = Release|Any CPU
		{4C64B378-EC1B-426B-AF46-97A844AB2665}.Debug|Any CPU.ActiveCfg = Debug|Any CPU
		{4C64B378-EC1B-426B-AF46-97A844AB2665}.Debug|Any CPU.Build.0 = Debug|Any CPU
		{4C64B378-EC1B-426B-AF46-97A844AB2665}.Release|Any CPU.ActiveCfg = Release|Any CPU
		{4C64B378-EC1B-426B-AF46-97A844AB2665}.Release|Any CPU.Build.0 = Release|Any CPU
		{B66B70D5-A2F3-462D-B80F-9452494CE832}.Debug|Any CPU.ActiveCfg = Debug|Any CPU
		{B66B70D5-A2F3-462D-B80F-9452494CE832}.Debug|Any CPU.Build.0 = Debug|Any CPU
		{B66B70D5-A2F3-462D-B80F-9452494CE832}.Release|Any CPU.ActiveCfg = Release|Any CPU
		{B66B70D5-A2F3-462D-B80F-9452494CE832}.Release|Any CPU.Build.0 = Release|Any CPU
		{ACF5CEFD-18E7-44FC-A70E-CBCDDDF1FE22}.Debug|Any CPU.ActiveCfg = Debug|Any CPU
		{ACF5CEFD-18E7-44FC-A70E-CBCDDDF1FE22}.Debug|Any CPU.Build.0 = Debug|Any CPU
		{ACF5CEFD-18E7-44FC-A70E-CBCDDDF1FE22}.Release|Any CPU.ActiveCfg = Release|Any CPU
		{ACF5CEFD-18E7-44FC-A70E-CBCDDDF1FE22}.Release|Any CPU.Build.0 = Release|Any CPU
		{46AACB26-98A1-4B5C-956D-6F71D697712F}.Debug|Any CPU.ActiveCfg = Debug|Any CPU
		{46AACB26-98A1-4B5C-956D-6F71D697712F}.Debug|Any CPU.Build.0 = Debug|Any CPU
		{46AACB26-98A1-4B5C-956D-6F71D697712F}.Release|Any CPU.ActiveCfg = Release|Any CPU
		{46AACB26-98A1-4B5C-956D-6F71D697712F}.Release|Any CPU.Build.0 = Release|Any CPU
		{BC094426-E605-4CA9-AF60-A5DE24E1896E}.Debug|Any CPU.ActiveCfg = Debug|Any CPU
		{BC094426-E605-4CA9-AF60-A5DE24E1896E}.Debug|Any CPU.Build.0 = Debug|Any CPU
		{BC094426-E605-4CA9-AF60-A5DE24E1896E}.Release|Any CPU.ActiveCfg = Release|Any CPU
		{BC094426-E605-4CA9-AF60-A5DE24E1896E}.Release|Any CPU.Build.0 = Release|Any CPU
		{9BA2F23D-A5F0-4D7B-B6EB-046BFFDC0915}.Debug|Any CPU.ActiveCfg = Debug|Any CPU
		{9BA2F23D-A5F0-4D7B-B6EB-046BFFDC0915}.Debug|Any CPU.Build.0 = Debug|Any CPU
		{9BA2F23D-A5F0-4D7B-B6EB-046BFFDC0915}.Release|Any CPU.ActiveCfg = Release|Any CPU
		{9BA2F23D-A5F0-4D7B-B6EB-046BFFDC0915}.Release|Any CPU.Build.0 = Release|Any CPU
	EndGlobalSection
	GlobalSection(SolutionProperties) = preSolution
		HideSolutionNode = FALSE
	EndGlobalSection
	GlobalSection(NestedProjects) = preSolution
		{086C78D9-5BEE-4D4A-87D0-2AC8AC7657EA} = {C4A30DEB-ED6D-4761-ACFD-4DA3FC5E31E9}
		{16E98988-0834-4F06-B6A6-0AA0D265E13E} = {10CF82CE-5C35-460D-AF60-D0A8CD4992CD}
		{27D7EC9C-06E3-4671-ABC5-62AD3B497D7B} = {2561D320-113B-4D2B-A70E-43FA012330A7}
		{5B04AD31-3FDC-49F2-A011-5D0765E7C859} = {ECEECD62-200C-4DF9-A1EF-138FC8B9627A}
		{DE901204-5EC9-4628-860B-9F969FBD417C} = {741FBBB8-4EEF-4D7B-945B-3EC669CEAC0A}
		{4CFA9E5C-E844-4E53-A87E-928440BAFEBE} = {ABD462AD-A1A5-469D-9097-E326AFE0798A}
		{74053A0B-90C8-4985-9A11-77E80A777822} = {086C78D9-5BEE-4D4A-87D0-2AC8AC7657EA}
		{ABD462AD-A1A5-469D-9097-E326AFE0798A} = {1A646BC1-0190-4C21-A70F-C6F112D886DA}
		{3CB67C48-006E-42B3-AE0F-378AFD33B426} = {1A646BC1-0190-4C21-A70F-C6F112D886DA}
		{731E12DE-AE0B-4369-AEDD-C7D75CC62DC5} = {1A646BC1-0190-4C21-A70F-C6F112D886DA}
		{F39A6543-633A-4E18-959E-A13FC20313B5} = {1A646BC1-0190-4C21-A70F-C6F112D886DA}
		{A31279B5-C437-4387-B793-17D899335BF0} = {731E12DE-AE0B-4369-AEDD-C7D75CC62DC5}
		{54DA1A6B-4E7C-4D18-B794-290A1CCAA69A} = {731E12DE-AE0B-4369-AEDD-C7D75CC62DC5}
		{4C64B378-EC1B-426B-AF46-97A844AB2665} = {3CB67C48-006E-42B3-AE0F-378AFD33B426}
		{AB1E8591-9261-4B0C-BE7F-976942F25F9E} = {C4A30DEB-ED6D-4761-ACFD-4DA3FC5E31E9}
		{295E59AE-08C9-4B61-A728-EEEF60D83C9F} = {C4A30DEB-ED6D-4761-ACFD-4DA3FC5E31E9}
		{B66B70D5-A2F3-462D-B80F-9452494CE832} = {295E59AE-08C9-4B61-A728-EEEF60D83C9F}
		{ACF5CEFD-18E7-44FC-A70E-CBCDDDF1FE22} = {295E59AE-08C9-4B61-A728-EEEF60D83C9F}
		{46AACB26-98A1-4B5C-956D-6F71D697712F} = {AB1E8591-9261-4B0C-BE7F-976942F25F9E}
		{B43A730F-1C30-4D5B-BB8C-D580585977BC} = {C4A30DEB-ED6D-4761-ACFD-4DA3FC5E31E9}
		{BC094426-E605-4CA9-AF60-A5DE24E1896E} = {B43A730F-1C30-4D5B-BB8C-D580585977BC}
		{9BA2F23D-A5F0-4D7B-B6EB-046BFFDC0915} = {B43A730F-1C30-4D5B-BB8C-D580585977BC}
	EndGlobalSection
	GlobalSection(ExtensibilityGlobals) = postSolution
		SolutionGuid = {CC78D173-F407-426E-849E-F994AC17ADC1}
	EndGlobalSection
EndGlobal
