
Microsoft Visual Studio Solution File, Format Version 12.00
# Visual Studio Version 17
VisualStudioVersion = 17.3.32929.385
MinimumVisualStudioVersion = 10.0.40219.1
Project("{2150E333-8FDC-42A3-9474-1A3956D46DE8}") = "AuthMicroservice", "AuthMicroservice", "{C4A30DEB-ED6D-4761-ACFD-4DA3FC5E31E9}"
EndProject
Project("{2150E333-8FDC-42A3-9474-1A3956D46DE8}") = "BasketMicroService", "BasketMicroService", "{10CF82CE-5C35-460D-AF60-D0A8CD4992CD}"
EndProject
Project("{2150E333-8FDC-42A3-9474-1A3956D46DE8}") = "DiscountMicroservice", "DiscountMicroservice", "{2561D320-113B-4D2B-A70E-43FA012330A7}"
EndProject
Project("{2150E333-8FDC-42A3-9474-1A3956D46DE8}") = "OrderMicroService", "OrderMicroService", "{741FBBB8-4EEF-4D7B-945B-3EC669CEAC0A}"
EndProject
Project("{2150E333-8FDC-42A3-9474-1A3956D46DE8}") = "PaymentMicroService", "PaymentMicroService", "{ECEECD62-200C-4DF9-A1EF-138FC8B9627A}"
EndProject
Project("{2150E333-8FDC-42A3-9474-1A3956D46DE8}") = "ProductsMicroService", "ProductsMicroService", "{1A646BC1-0190-4C21-A70F-C6F112D886DA}"
EndProject
Project("{FAE04EC0-301F-11D3-BF4B-00C04F79EFBC}") = "AuthMicroservice", "AuthMicroservice\AuthMicroservice.csproj", "{3BCDD4F1-9632-4FF5-AF8C-B30664DC7CAE}"
EndProject
Project("{FAE04EC0-301F-11D3-BF4B-00C04F79EFBC}") = "ProductsMicroService", "ProductsMicroService\ProductsMicroService.csproj", "{7E305DF3-722E-40FC-8457-8AB627B0486B}"
EndProject
Project("{FAE04EC0-301F-11D3-BF4B-00C04F79EFBC}") = "BasketMicroService", "BasketMicroService\BasketMicroService.csproj", "{5C055AB7-4AB7-40A3-B69D-33FB350E8610}"
EndProject
Project("{FAE04EC0-301F-11D3-BF4B-00C04F79EFBC}") = "DiscountMicroservice", "DiscountMicroservice\DiscountMicroservice.csproj", "{DD0C2536-D8F6-4FD7-8DBE-3561B7A9732D}"
EndProject
Project("{FAE04EC0-301F-11D3-BF4B-00C04F79EFBC}") = "OrderMicroService", "OrderMicroService\OrderMicroService.csproj", "{EB18C7E8-4D38-4354-AE1A-F622BE09B657}"
EndProject
Project("{FAE04EC0-301F-11D3-BF4B-00C04F79EFBC}") = "PaymentMicroService", "PaymentMicroService\PaymentMicroService.csproj", "{EAC93FA4-37F2-427C-97BA-73E8C1252401}"
EndProject
Global
	GlobalSection(SolutionConfigurationPlatforms) = preSolution
		Debug|Any CPU = Debug|Any CPU
		Release|Any CPU = Release|Any CPU
	EndGlobalSection
	GlobalSection(ProjectConfigurationPlatforms) = postSolution
		{3BCDD4F1-9632-4FF5-AF8C-B30664DC7CAE}.Debug|Any CPU.ActiveCfg = Debug|Any CPU
		{3BCDD4F1-9632-4FF5-AF8C-B30664DC7CAE}.Debug|Any CPU.Build.0 = Debug|Any CPU
		{3BCDD4F1-9632-4FF5-AF8C-B30664DC7CAE}.Release|Any CPU.ActiveCfg = Release|Any CPU
		{3BCDD4F1-9632-4FF5-AF8C-B30664DC7CAE}.Release|Any CPU.Build.0 = Release|Any CPU
		{7E305DF3-722E-40FC-8457-8AB627B0486B}.Debug|Any CPU.ActiveCfg = Debug|Any CPU
		{7E305DF3-722E-40FC-8457-8AB627B0486B}.Debug|Any CPU.Build.0 = Debug|Any CPU
		{7E305DF3-722E-40FC-8457-8AB627B0486B}.Release|Any CPU.ActiveCfg = Release|Any CPU
		{7E305DF3-722E-40FC-8457-8AB627B0486B}.Release|Any CPU.Build.0 = Release|Any CPU
		{5C055AB7-4AB7-40A3-B69D-33FB350E8610}.Debug|Any CPU.ActiveCfg = Debug|Any CPU
		{5C055AB7-4AB7-40A3-B69D-33FB350E8610}.Debug|Any CPU.Build.0 = Debug|Any CPU
		{5C055AB7-4AB7-40A3-B69D-33FB350E8610}.Release|Any CPU.ActiveCfg = Release|Any CPU
		{5C055AB7-4AB7-40A3-B69D-33FB350E8610}.Release|Any CPU.Build.0 = Release|Any CPU
		{DD0C2536-D8F6-4FD7-8DBE-3561B7A9732D}.Debug|Any CPU.ActiveCfg = Debug|Any CPU
		{DD0C2536-D8F6-4FD7-8DBE-3561B7A9732D}.Debug|Any CPU.Build.0 = Debug|Any CPU
		{DD0C2536-D8F6-4FD7-8DBE-3561B7A9732D}.Release|Any CPU.ActiveCfg = Release|Any CPU
		{DD0C2536-D8F6-4FD7-8DBE-3561B7A9732D}.Release|Any CPU.Build.0 = Release|Any CPU
		{EB18C7E8-4D38-4354-AE1A-F622BE09B657}.Debug|Any CPU.ActiveCfg = Debug|Any CPU
		{EB18C7E8-4D38-4354-AE1A-F622BE09B657}.Debug|Any CPU.Build.0 = Debug|Any CPU
		{EB18C7E8-4D38-4354-AE1A-F622BE09B657}.Release|Any CPU.ActiveCfg = Release|Any CPU
		{EB18C7E8-4D38-4354-AE1A-F622BE09B657}.Release|Any CPU.Build.0 = Release|Any CPU
		{EAC93FA4-37F2-427C-97BA-73E8C1252401}.Debug|Any CPU.ActiveCfg = Debug|Any CPU
		{EAC93FA4-37F2-427C-97BA-73E8C1252401}.Debug|Any CPU.Build.0 = Debug|Any CPU
		{EAC93FA4-37F2-427C-97BA-73E8C1252401}.Release|Any CPU.ActiveCfg = Release|Any CPU
		{EAC93FA4-37F2-427C-97BA-73E8C1252401}.Release|Any CPU.Build.0 = Release|Any CPU
	EndGlobalSection
	GlobalSection(SolutionProperties) = preSolution
		HideSolutionNode = FALSE
	EndGlobalSection
	GlobalSection(NestedProjects) = preSolution
		{3BCDD4F1-9632-4FF5-AF8C-B30664DC7CAE} = {C4A30DEB-ED6D-4761-ACFD-4DA3FC5E31E9}
		{7E305DF3-722E-40FC-8457-8AB627B0486B} = {1A646BC1-0190-4C21-A70F-C6F112D886DA}
		{5C055AB7-4AB7-40A3-B69D-33FB350E8610} = {10CF82CE-5C35-460D-AF60-D0A8CD4992CD}
		{DD0C2536-D8F6-4FD7-8DBE-3561B7A9732D} = {2561D320-113B-4D2B-A70E-43FA012330A7}
		{EB18C7E8-4D38-4354-AE1A-F622BE09B657} = {741FBBB8-4EEF-4D7B-945B-3EC669CEAC0A}
		{EAC93FA4-37F2-427C-97BA-73E8C1252401} = {ECEECD62-200C-4DF9-A1EF-138FC8B9627A}
	EndGlobalSection
	GlobalSection(ExtensibilityGlobals) = postSolution
		SolutionGuid = {CC78D173-F407-426E-849E-F994AC17ADC1}
	EndGlobalSection
EndGlobal
